
Microsoft Visual Studio Solution File, Format Version 12.00
# Visual Studio 15
VisualStudioVersion = 15.0.27130.2003
MinimumVisualStudioVersion = 10.0.40219.1
Project("{FAE04EC0-301F-11D3-BF4B-00C04F79EFBC}") = "ZPM.Net", "ZPM.Net\ZPM.Net.csproj", "{DDD62EB5-89DE-4BBC-9F4F-C44DBE54D58F}"
	ProjectSection(ProjectDependencies) = postProject
		{91FF2C2F-6F84-4E03-AFE0-E6DBCF849993} = {91FF2C2F-6F84-4E03-AFE0-E6DBCF849993}
	EndProjectSection
EndProject
Project("{9A19103F-16F7-4668-BE54-9A1E7A4F7556}") = "ZPM.NetDb", "Zpm.NetDb\ZPM.NetDb.csproj", "{91FF2C2F-6F84-4E03-AFE0-E6DBCF849993}"
EndProject
Global
	GlobalSection(SolutionConfigurationPlatforms) = preSolution
		Debug|Any CPU = Debug|Any CPU
		Release|Any CPU = Release|Any CPU
	EndGlobalSection
	GlobalSection(ProjectConfigurationPlatforms) = postSolution
		{DDD62EB5-89DE-4BBC-9F4F-C44DBE54D58F}.Debug|Any CPU.ActiveCfg = Debug|Any CPU
		{DDD62EB5-89DE-4BBC-9F4F-C44DBE54D58F}.Debug|Any CPU.Build.0 = Debug|Any CPU
		{DDD62EB5-89DE-4BBC-9F4F-C44DBE54D58F}.Release|Any CPU.ActiveCfg = Release|Any CPU
		{DDD62EB5-89DE-4BBC-9F4F-C44DBE54D58F}.Release|Any CPU.Build.0 = Release|Any CPU
		{91FF2C2F-6F84-4E03-AFE0-E6DBCF849993}.Debug|Any CPU.ActiveCfg = Debug|Any CPU
		{91FF2C2F-6F84-4E03-AFE0-E6DBCF849993}.Debug|Any CPU.Build.0 = Debug|Any CPU
		{91FF2C2F-6F84-4E03-AFE0-E6DBCF849993}.Release|Any CPU.ActiveCfg = Release|Any CPU
		{91FF2C2F-6F84-4E03-AFE0-E6DBCF849993}.Release|Any CPU.Build.0 = Release|Any CPU
	EndGlobalSection
	GlobalSection(SolutionProperties) = preSolution
		HideSolutionNode = FALSE
	EndGlobalSection
	GlobalSection(ExtensibilityGlobals) = postSolution
		SolutionGuid = {0E1CEA53-8C2B-43FA-A263-76D42FE5301B}
	EndGlobalSection
EndGlobal
